
Microsoft Visual Studio Solution File, Format Version 12.00
# Visual Studio Version 17
VisualStudioVersion = 17.3.32819.101
MinimumVisualStudioVersion = 10.0.40219.1
Project("{FAE04EC0-301F-11D3-BF4B-00C04F79EFBC}") = "test", "test\test.csproj", "{01B5600B-6921-4E6C-B4B8-4C48932C430D}"
EndProject
Global
	GlobalSection(SolutionConfigurationPlatforms) = preSolution
		Debug|Any CPU = Debug|Any CPU
		Release|Any CPU = Release|Any CPU
	EndGlobalSection
	GlobalSection(ProjectConfigurationPlatforms) = postSolution
		{01B5600B-6921-4E6C-B4B8-4C48932C430D}.Debug|Any CPU.ActiveCfg = Debug|Any CPU
		{01B5600B-6921-4E6C-B4B8-4C48932C430D}.Debug|Any CPU.Build.0 = Debug|Any CPU
		{01B5600B-6921-4E6C-B4B8-4C48932C430D}.Release|Any CPU.ActiveCfg = Release|Any CPU
		{01B5600B-6921-4E6C-B4B8-4C48932C430D}.Release|Any CPU.Build.0 = Release|Any CPU
	EndGlobalSection
	GlobalSection(SolutionProperties) = preSolution
		HideSolutionNode = FALSE
	EndGlobalSection
	GlobalSection(ExtensibilityGlobals) = postSolution
		SolutionGuid = {A4E3255E-9AD8-4204-852D-67F9C878A012}
	EndGlobalSection
EndGlobal
